
Microsoft Visual Studio Solution File, Format Version 12.00
# Visual Studio Version 17
VisualStudioVersion = 17.5.002.0
MinimumVisualStudioVersion = 10.0.40219.1
Project("{9A19103F-16F7-4668-BE54-9A1E7A4F7556}") = "program002-soucet-cifer", "program002-soucet-cifer.csproj", "{06D26B7A-F36D-4BFF-82C9-BA774529E293}"
EndProject
Global
	GlobalSection(SolutionConfigurationPlatforms) = preSolution
		Debug|Any CPU = Debug|Any CPU
		Release|Any CPU = Release|Any CPU
	EndGlobalSection
	GlobalSection(ProjectConfigurationPlatforms) = postSolution
		{06D26B7A-F36D-4BFF-82C9-BA774529E293}.Debug|Any CPU.ActiveCfg = Debug|Any CPU
		{06D26B7A-F36D-4BFF-82C9-BA774529E293}.Debug|Any CPU.Build.0 = Debug|Any CPU
		{06D26B7A-F36D-4BFF-82C9-BA774529E293}.Release|Any CPU.ActiveCfg = Release|Any CPU
		{06D26B7A-F36D-4BFF-82C9-BA774529E293}.Release|Any CPU.Build.0 = Release|Any CPU
	EndGlobalSection
	GlobalSection(SolutionProperties) = preSolution
		HideSolutionNode = FALSE
	EndGlobalSection
	GlobalSection(ExtensibilityGlobals) = postSolution
		SolutionGuid = {D40E45F0-F6D0-4F36-BEF7-A484D6483D58}
	EndGlobalSection
EndGlobal
