
Microsoft Visual Studio Solution File, Format Version 12.00
# Visual Studio Version 17
VisualStudioVersion = 17.5.002.0
MinimumVisualStudioVersion = 10.0.40219.1
Project("{9A19103F-16F7-4668-BE54-9A1E7A4F7556}") = "program006-analyza-textu", "program006-analyza-textu.csproj", "{884ECE9E-2893-49A4-9DEE-0744C5EF0332}"
EndProject
Global
	GlobalSection(SolutionConfigurationPlatforms) = preSolution
		Debug|Any CPU = Debug|Any CPU
		Release|Any CPU = Release|Any CPU
	EndGlobalSection
	GlobalSection(ProjectConfigurationPlatforms) = postSolution
		{884ECE9E-2893-49A4-9DEE-0744C5EF0332}.Debug|Any CPU.ActiveCfg = Debug|Any CPU
		{884ECE9E-2893-49A4-9DEE-0744C5EF0332}.Debug|Any CPU.Build.0 = Debug|Any CPU
		{884ECE9E-2893-49A4-9DEE-0744C5EF0332}.Release|Any CPU.ActiveCfg = Release|Any CPU
		{884ECE9E-2893-49A4-9DEE-0744C5EF0332}.Release|Any CPU.Build.0 = Release|Any CPU
	EndGlobalSection
	GlobalSection(SolutionProperties) = preSolution
		HideSolutionNode = FALSE
	EndGlobalSection
	GlobalSection(ExtensibilityGlobals) = postSolution
		SolutionGuid = {6D4DE68E-E4D7-4FAF-A95A-A97E123BCB9D}
	EndGlobalSection
EndGlobal
